
Microsoft Visual Studio Solution File, Format Version 12.00
# Visual Studio Version 17
VisualStudioVersion = 17.0.31521.260
MinimumVisualStudioVersion = 10.0.40219.1
Project("{2150E333-8FDC-42A3-9474-1A3956D46DE8}") = "FrontEnd", "FrontEnd", "{5D7D01B6-30E0-4552-BE0E-6EE1577B5FA7}"
EndProject
Project("{2150E333-8FDC-42A3-9474-1A3956D46DE8}") = "Services", "Services", "{BE8F341D-1378-4B40-88F9-6901B74F17C3}"
EndProject
Project("{9A19103F-16F7-4668-BE54-9A1E7A4F7556}") = "GeekShopping.Web", "GeekShopping.Web\GeekShopping.Web.csproj", "{5F676414-A1E7-4180-96F6-C7479B1100A8}"
EndProject
Project("{9A19103F-16F7-4668-BE54-9A1E7A4F7556}") = "GeekShopping.ProductAPI", "GeekShopping.ProductAPI\GeekShopping.ProductAPI.csproj", "{85D4039E-9A6D-4472-91FD-60E05EEE3587}"
EndProject
Project("{9A19103F-16F7-4668-BE54-9A1E7A4F7556}") = "GeekShopping.IdentityServer", "GeekShopping.IdentityServer\GeekShopping.IdentityServer.csproj", "{056E5634-312E-470B-9246-AF89492EC1EA}"
EndProject
Project("{9A19103F-16F7-4668-BE54-9A1E7A4F7556}") = "GeekShopping.CartAPI", "GeekShopping.CartAPI\GeekShopping.CartAPI.csproj", "{F62DCD77-841D-46AE-8B8C-A9C6A7E593D6}"
EndProject
Project("{9A19103F-16F7-4668-BE54-9A1E7A4F7556}") = "GeekShopping.CouponAPI", "GeekShopping.CouponAPI\GeekShopping.CouponAPI.csproj", "{C2E9EDFA-8201-4D83-A07F-7359797EF4DF}"
EndProject
Project("{2150E333-8FDC-42A3-9474-1A3956D46DE8}") = "Integration", "Integration", "{3CB3D45A-FD9D-432C-93D6-CC20D5524246}"
EndProject
Project("{9A19103F-16F7-4668-BE54-9A1E7A4F7556}") = "GeekShopping.MessageBus", "GeekShopping.MessageBus\GeekShopping.MessageBus.csproj", "{9DEB8E04-0687-4F92-822B-9F03F9CC759B}"
EndProject
Project("{9A19103F-16F7-4668-BE54-9A1E7A4F7556}") = "GeekShopping.OrderAPI", "GeekShopping.OrderAPI\GeekShopping.OrderAPI.csproj", "{0E5A5B8C-A6D3-4AD5-A538-801A46A4A60C}"
EndProject
Project("{2150E333-8FDC-42A3-9474-1A3956D46DE8}") = "Payments", "Payments", "{789543D3-DC1C-4D29-9F3A-17E6DDB8A6C6}"
EndProject
Project("{9A19103F-16F7-4668-BE54-9A1E7A4F7556}") = "GeekShopping.PaymentProcessor", "GeekShopping.PaymentProcessor\GeekShopping.PaymentProcessor.csproj", "{188C7560-F1CB-4E23-B510-406B1134EEF0}"
EndProject
Project("{9A19103F-16F7-4668-BE54-9A1E7A4F7556}") = "GeekShopping.PaymentAPI", "GeekShopping.PaymentAPI\GeekShopping.PaymentAPI.csproj", "{CF8977F7-EDB9-4685-8303-5141D3DFAAB6}"
EndProject
Project("{FAE04EC0-301F-11D3-BF4B-00C04F79EFBC}") = "GeekShopping.Email", "GeekShopping.Email\GeekShopping.Email.csproj", "{D827BE5F-B2C8-431D-B047-5EB5373E35CE}"
EndProject
Global
	GlobalSection(SolutionConfigurationPlatforms) = preSolution
		Debug|Any CPU = Debug|Any CPU
		Release|Any CPU = Release|Any CPU
	EndGlobalSection
	GlobalSection(ProjectConfigurationPlatforms) = postSolution
		{5F676414-A1E7-4180-96F6-C7479B1100A8}.Debug|Any CPU.ActiveCfg = Debug|Any CPU
		{5F676414-A1E7-4180-96F6-C7479B1100A8}.Debug|Any CPU.Build.0 = Debug|Any CPU
		{5F676414-A1E7-4180-96F6-C7479B1100A8}.Release|Any CPU.ActiveCfg = Release|Any CPU
		{5F676414-A1E7-4180-96F6-C7479B1100A8}.Release|Any CPU.Build.0 = Release|Any CPU
		{85D4039E-9A6D-4472-91FD-60E05EEE3587}.Debug|Any CPU.ActiveCfg = Debug|Any CPU
		{85D4039E-9A6D-4472-91FD-60E05EEE3587}.Debug|Any CPU.Build.0 = Debug|Any CPU
		{85D4039E-9A6D-4472-91FD-60E05EEE3587}.Release|Any CPU.ActiveCfg = Release|Any CPU
		{85D4039E-9A6D-4472-91FD-60E05EEE3587}.Release|Any CPU.Build.0 = Release|Any CPU
		{056E5634-312E-470B-9246-AF89492EC1EA}.Debug|Any CPU.ActiveCfg = Debug|Any CPU
		{056E5634-312E-470B-9246-AF89492EC1EA}.Debug|Any CPU.Build.0 = Debug|Any CPU
		{056E5634-312E-470B-9246-AF89492EC1EA}.Release|Any CPU.ActiveCfg = Release|Any CPU
		{056E5634-312E-470B-9246-AF89492EC1EA}.Release|Any CPU.Build.0 = Release|Any CPU
		{F62DCD77-841D-46AE-8B8C-A9C6A7E593D6}.Debug|Any CPU.ActiveCfg = Debug|Any CPU
		{F62DCD77-841D-46AE-8B8C-A9C6A7E593D6}.Debug|Any CPU.Build.0 = Debug|Any CPU
		{F62DCD77-841D-46AE-8B8C-A9C6A7E593D6}.Release|Any CPU.ActiveCfg = Release|Any CPU
		{F62DCD77-841D-46AE-8B8C-A9C6A7E593D6}.Release|Any CPU.Build.0 = Release|Any CPU
		{C2E9EDFA-8201-4D83-A07F-7359797EF4DF}.Debug|Any CPU.ActiveCfg = Debug|Any CPU
		{C2E9EDFA-8201-4D83-A07F-7359797EF4DF}.Debug|Any CPU.Build.0 = Debug|Any CPU
		{C2E9EDFA-8201-4D83-A07F-7359797EF4DF}.Release|Any CPU.ActiveCfg = Release|Any CPU
		{C2E9EDFA-8201-4D83-A07F-7359797EF4DF}.Release|Any CPU.Build.0 = Release|Any CPU
		{9DEB8E04-0687-4F92-822B-9F03F9CC759B}.Debug|Any CPU.ActiveCfg = Debug|Any CPU
		{9DEB8E04-0687-4F92-822B-9F03F9CC759B}.Debug|Any CPU.Build.0 = Debug|Any CPU
		{9DEB8E04-0687-4F92-822B-9F03F9CC759B}.Release|Any CPU.ActiveCfg = Release|Any CPU
		{9DEB8E04-0687-4F92-822B-9F03F9CC759B}.Release|Any CPU.Build.0 = Release|Any CPU
		{0E5A5B8C-A6D3-4AD5-A538-801A46A4A60C}.Debug|Any CPU.ActiveCfg = Debug|Any CPU
		{0E5A5B8C-A6D3-4AD5-A538-801A46A4A60C}.Debug|Any CPU.Build.0 = Debug|Any CPU
		{0E5A5B8C-A6D3-4AD5-A538-801A46A4A60C}.Release|Any CPU.ActiveCfg = Release|Any CPU
		{0E5A5B8C-A6D3-4AD5-A538-801A46A4A60C}.Release|Any CPU.Build.0 = Release|Any CPU
		{188C7560-F1CB-4E23-B510-406B1134EEF0}.Debug|Any CPU.ActiveCfg = Debug|Any CPU
		{188C7560-F1CB-4E23-B510-406B1134EEF0}.Debug|Any CPU.Build.0 = Debug|Any CPU
		{188C7560-F1CB-4E23-B510-406B1134EEF0}.Release|Any CPU.ActiveCfg = Release|Any CPU
		{188C7560-F1CB-4E23-B510-406B1134EEF0}.Release|Any CPU.Build.0 = Release|Any CPU
		{CF8977F7-EDB9-4685-8303-5141D3DFAAB6}.Debug|Any CPU.ActiveCfg = Debug|Any CPU
		{CF8977F7-EDB9-4685-8303-5141D3DFAAB6}.Debug|Any CPU.Build.0 = Debug|Any CPU
		{CF8977F7-EDB9-4685-8303-5141D3DFAAB6}.Release|Any CPU.ActiveCfg = Release|Any CPU
		{CF8977F7-EDB9-4685-8303-5141D3DFAAB6}.Release|Any CPU.Build.0 = Release|Any CPU
		{D827BE5F-B2C8-431D-B047-5EB5373E35CE}.Debug|Any CPU.ActiveCfg = Debug|Any CPU
		{D827BE5F-B2C8-431D-B047-5EB5373E35CE}.Debug|Any CPU.Build.0 = Debug|Any CPU
		{D827BE5F-B2C8-431D-B047-5EB5373E35CE}.Release|Any CPU.ActiveCfg = Release|Any CPU
		{D827BE5F-B2C8-431D-B047-5EB5373E35CE}.Release|Any CPU.Build.0 = Release|Any CPU
	EndGlobalSection
	GlobalSection(SolutionProperties) = preSolution
		HideSolutionNode = FALSE
	EndGlobalSection
	GlobalSection(NestedProjects) = preSolution
		{5F676414-A1E7-4180-96F6-C7479B1100A8} = {5D7D01B6-30E0-4552-BE0E-6EE1577B5FA7}
		{85D4039E-9A6D-4472-91FD-60E05EEE3587} = {BE8F341D-1378-4B40-88F9-6901B74F17C3}
		{056E5634-312E-470B-9246-AF89492EC1EA} = {BE8F341D-1378-4B40-88F9-6901B74F17C3}
		{F62DCD77-841D-46AE-8B8C-A9C6A7E593D6} = {BE8F341D-1378-4B40-88F9-6901B74F17C3}
		{C2E9EDFA-8201-4D83-A07F-7359797EF4DF} = {BE8F341D-1378-4B40-88F9-6901B74F17C3}
		{9DEB8E04-0687-4F92-822B-9F03F9CC759B} = {3CB3D45A-FD9D-432C-93D6-CC20D5524246}
		{0E5A5B8C-A6D3-4AD5-A538-801A46A4A60C} = {BE8F341D-1378-4B40-88F9-6901B74F17C3}
		{188C7560-F1CB-4E23-B510-406B1134EEF0} = {789543D3-DC1C-4D29-9F3A-17E6DDB8A6C6}
		{CF8977F7-EDB9-4685-8303-5141D3DFAAB6} = {BE8F341D-1378-4B40-88F9-6901B74F17C3}
		{D827BE5F-B2C8-431D-B047-5EB5373E35CE} = {BE8F341D-1378-4B40-88F9-6901B74F17C3}
	EndGlobalSection
	GlobalSection(ExtensibilityGlobals) = postSolution
		SolutionGuid = {44782F14-DB85-4BF3-BFEA-254F451A02FA}
	EndGlobalSection
EndGlobal
